// !$*UTF8*$!
{
	archiveVersion = 1;
	classes = {
	};
	objectVersion = 50;
	objects = {

/* Begin PBXBuildFile section */
		182C6966240AE63C00D435AA /* CollectionViewCell.swift in Sources */ = {isa = PBXBuildFile; fileRef = 182C6959240AE63C00D435AA /* CollectionViewCell.swift */; };
		182C6967240AE63C00D435AA /* AppDelegate.swift in Sources */ = {isa = PBXBuildFile; fileRef = 182C695B240AE63C00D435AA /* AppDelegate.swift */; };
		182C6968240AE63C00D435AA /* LaunchScreen.storyboard in Resources */ = {isa = PBXBuildFile; fileRef = 182C695D240AE63C00D435AA /* LaunchScreen.storyboard */; };
		182C6969240AE63C00D435AA /* Main.storyboard in Resources */ = {isa = PBXBuildFile; fileRef = 182C695F240AE63C00D435AA /* Main.storyboard */; };
		182C696B240AE63C00D435AA /* DataClass.swift in Sources */ = {isa = PBXBuildFile; fileRef = 182C6964240AE63C00D435AA /* DataClass.swift */; };
		18C122D7240A96380031333F /* Assets.xcassets in Resources */ = {isa = PBXBuildFile; fileRef = 18C122D6240A96380031333F /* Assets.xcassets */; };
		CEAFA8AC240AE859006224B8 /* NetworkManager.swift in Sources */ = {isa = PBXBuildFile; fileRef = CEAFA8AB240AE859006224B8 /* NetworkManager.swift */; };
		CEAFA8AE240AE872006224B8 /* PhotoService.swift in Sources */ = {isa = PBXBuildFile; fileRef = CEAFA8AD240AE872006224B8 /* PhotoService.swift */; };
		CEAFA8B1240AF614006224B8 /* ImageView.swift in Sources */ = {isa = PBXBuildFile; fileRef = CEAFA8B0240AF614006224B8 /* ImageView.swift */; };
		CEAFA8B4240AF9F7006224B8 /* Constants.swift in Sources */ = {isa = PBXBuildFile; fileRef = CEAFA8B3240AF9F7006224B8 /* Constants.swift */; };
		CEAFA8B6240AFC6A006224B8 /* PhotoViewController.swift in Sources */ = {isa = PBXBuildFile; fileRef = CEAFA8B5240AFC6A006224B8 /* PhotoViewController.swift */; };
		CEAFA8B8240AFDBD006224B8 /* FileManager.swift in Sources */ = {isa = PBXBuildFile; fileRef = CEAFA8B7240AFDBD006224B8 /* FileManager.swift */; };
		CEAFA8BA240B041C006224B8 /* String.swift in Sources */ = {isa = PBXBuildFile; fileRef = CEAFA8B9240B041C006224B8 /* String.swift */; };
/* End PBXBuildFile section */

/* Begin PBXFileReference section */
		182C6959240AE63C00D435AA /* CollectionViewCell.swift */ = {isa = PBXFileReference; fileEncoding = 4; lastKnownFileType = sourcecode.swift; path = CollectionViewCell.swift; sourceTree = "<group>"; };
		182C695B240AE63C00D435AA /* AppDelegate.swift */ = {isa = PBXFileReference; fileEncoding = 4; lastKnownFileType = sourcecode.swift; path = AppDelegate.swift; sourceTree = "<group>"; };
		182C695E240AE63C00D435AA /* Base */ = {isa = PBXFileReference; lastKnownFileType = file.storyboard; name = Base; path = Base.lproj/LaunchScreen.storyboard; sourceTree = "<group>"; };
		182C6960240AE63C00D435AA /* Base */ = {isa = PBXFileReference; lastKnownFileType = file.storyboard; name = Base; path = Base.lproj/Main.storyboard; sourceTree = "<group>"; };
		182C6964240AE63C00D435AA /* DataClass.swift */ = {isa = PBXFileReference; fileEncoding = 4; lastKnownFileType = sourcecode.swift; path = DataClass.swift; sourceTree = "<group>"; };
		18C122CC240A96360031333F /* TestApp.app */ = {isa = PBXFileReference; explicitFileType = wrapper.application; includeInIndex = 0; path = TestApp.app; sourceTree = BUILT_PRODUCTS_DIR; };
		18C122D6240A96380031333F /* Assets.xcassets */ = {isa = PBXFileReference; lastKnownFileType = folder.assetcatalog; path = Assets.xcassets; sourceTree = "<group>"; };
		18C122DB240A96380031333F /* Info.plist */ = {isa = PBXFileReference; lastKnownFileType = text.plist.xml; path = Info.plist; sourceTree = "<group>"; };
		CEAFA8AB240AE859006224B8 /* NetworkManager.swift */ = {isa = PBXFileReference; lastKnownFileType = sourcecode.swift; path = NetworkManager.swift; sourceTree = "<group>"; };
		CEAFA8AD240AE872006224B8 /* PhotoService.swift */ = {isa = PBXFileReference; lastKnownFileType = sourcecode.swift; path = PhotoService.swift; sourceTree = "<group>"; };
		CEAFA8B0240AF614006224B8 /* ImageView.swift */ = {isa = PBXFileReference; lastKnownFileType = sourcecode.swift; path = ImageView.swift; sourceTree = "<group>"; };
		CEAFA8B3240AF9F7006224B8 /* Constants.swift */ = {isa = PBXFileReference; lastKnownFileType = sourcecode.swift; path = Constants.swift; sourceTree = "<group>"; };
		CEAFA8B5240AFC6A006224B8 /* PhotoViewController.swift */ = {isa = PBXFileReference; fileEncoding = 4; lastKnownFileType = sourcecode.swift; path = PhotoViewController.swift; sourceTree = "<group>"; };
		CEAFA8B7240AFDBD006224B8 /* FileManager.swift */ = {isa = PBXFileReference; lastKnownFileType = sourcecode.swift; path = FileManager.swift; sourceTree = "<group>"; };
		CEAFA8B9240B041C006224B8 /* String.swift */ = {isa = PBXFileReference; lastKnownFileType = sourcecode.swift; path = String.swift; sourceTree = "<group>"; };
/* End PBXFileReference section */

/* Begin PBXFrameworksBuildPhase section */
		18C122C9240A96360031333F /* Frameworks */ = {
			isa = PBXFrameworksBuildPhase;
			buildActionMask = 2147483647;
			files = (
			);
			runOnlyForDeploymentPostprocessing = 0;
		};
/* End PBXFrameworksBuildPhase section */

/* Begin PBXGroup section */
		182C6954240AE63C00D435AA /* Utility */ = {
			isa = PBXGroup;
			children = (
				CEAFA8B2240AF9D7006224B8 /* Constants */,
				CEAFA8AF240AF604006224B8 /* Extensions */,
			);
			path = Utility;
			sourceTree = "<group>";
		};
		182C6955240AE63C00D435AA /* ViewModel */ = {
			isa = PBXGroup;
			children = (
			);
			path = ViewModel;
			sourceTree = "<group>";
		};
		182C6956240AE63C00D435AA /* Controller */ = {
			isa = PBXGroup;
			children = (
				CEAFA8B5240AFC6A006224B8 /* PhotoViewController.swift */,
				182C6958240AE63C00D435AA /* CollectionView */,
			);
			path = Controller;
			sourceTree = "<group>";
		};
		182C6958240AE63C00D435AA /* CollectionView */ = {
			isa = PBXGroup;
			children = (
				182C6959240AE63C00D435AA /* CollectionViewCell.swift */,
			);
			path = CollectionView;
			sourceTree = "<group>";
		};
		182C695A240AE63C00D435AA /* AppDelegate */ = {
			isa = PBXGroup;
			children = (
				182C695B240AE63C00D435AA /* AppDelegate.swift */,
			);
			path = AppDelegate;
			sourceTree = "<group>";
		};
		182C695C240AE63C00D435AA /* View */ = {
			isa = PBXGroup;
			children = (
				182C695D240AE63C00D435AA /* LaunchScreen.storyboard */,
				182C695F240AE63C00D435AA /* Main.storyboard */,
			);
			path = View;
			sourceTree = "<group>";
		};
		182C6961240AE63C00D435AA /* NetworkLayer */ = {
			isa = PBXGroup;
			children = (
				CEAFA8A9240AE83C006224B8 /* Manager */,
				CEAFA8AA240AE83C006224B8 /* Service */,
			);
			path = NetworkLayer;
			sourceTree = "<group>";
		};
		182C6963240AE63C00D435AA /* Model */ = {
			isa = PBXGroup;
			children = (
				182C6964240AE63C00D435AA /* DataClass.swift */,
			);
			path = Model;
			sourceTree = "<group>";
		};
		18C122C3240A96360031333F = {
			isa = PBXGroup;
			children = (
				18C122CE240A96360031333F /* TestApp */,
				18C122CD240A96360031333F /* Products */,
			);
			sourceTree = "<group>";
		};
		18C122CD240A96360031333F /* Products */ = {
			isa = PBXGroup;
			children = (
				18C122CC240A96360031333F /* TestApp.app */,
			);
			name = Products;
			sourceTree = "<group>";
		};
		18C122CE240A96360031333F /* TestApp */ = {
			isa = PBXGroup;
			children = (
				182C695A240AE63C00D435AA /* AppDelegate */,
				182C6956240AE63C00D435AA /* Controller */,
				182C6963240AE63C00D435AA /* Model */,
				182C6961240AE63C00D435AA /* NetworkLayer */,
				182C6954240AE63C00D435AA /* Utility */,
				182C695C240AE63C00D435AA /* View */,
				182C6955240AE63C00D435AA /* ViewModel */,
				18C122D6240A96380031333F /* Assets.xcassets */,
				18C122DB240A96380031333F /* Info.plist */,
			);
			path = TestApp;
			sourceTree = "<group>";
		};
		CEAFA8A9240AE83C006224B8 /* Manager */ = {
			isa = PBXGroup;
			children = (
				CEAFA8AB240AE859006224B8 /* NetworkManager.swift */,
			);
			path = Manager;
			sourceTree = "<group>";
		};
		CEAFA8AA240AE83C006224B8 /* Service */ = {
			isa = PBXGroup;
			children = (
				CEAFA8AD240AE872006224B8 /* PhotoService.swift */,
			);
			path = Service;
			sourceTree = "<group>";
		};
		CEAFA8AF240AF604006224B8 /* Extensions */ = {
			isa = PBXGroup;
			children = (
				CEAFA8B0240AF614006224B8 /* ImageView.swift */,
				CEAFA8B7240AFDBD006224B8 /* FileManager.swift */,
				CEAFA8B9240B041C006224B8 /* String.swift */,
			);
			path = Extensions;
			sourceTree = "<group>";
		};
		CEAFA8B2240AF9D7006224B8 /* Constants */ = {
			isa = PBXGroup;
			children = (
				CEAFA8B3240AF9F7006224B8 /* Constants.swift */,
			);
			path = Constants;
			sourceTree = "<group>";
		};
/* End PBXGroup section */

/* Begin PBXNativeTarget section */
		18C122CB240A96360031333F /* TestApp */ = {
			isa = PBXNativeTarget;
			buildConfigurationList = 18C122DE240A96380031333F /* Build configuration list for PBXNativeTarget "TestApp" */;
			buildPhases = (
				18C122C8240A96360031333F /* Sources */,
				18C122C9240A96360031333F /* Frameworks */,
				18C122CA240A96360031333F /* Resources */,
			);
			buildRules = (
			);
			dependencies = (
			);
			name = TestApp;
			productName = TestApp;
			productReference = 18C122CC240A96360031333F /* TestApp.app */;
			productType = "com.apple.product-type.application";
		};
/* End PBXNativeTarget section */

/* Begin PBXProject section */
		18C122C4240A96360031333F /* Project object */ = {
			isa = PBXProject;
			attributes = {
				LastSwiftUpdateCheck = 1030;
				LastUpgradeCheck = 1030;
				ORGANIZATIONNAME = "Pratik Patil";
				TargetAttributes = {
					18C122CB240A96360031333F = {
						CreatedOnToolsVersion = 10.3;
					};
				};
			};
			buildConfigurationList = 18C122C7240A96360031333F /* Build configuration list for PBXProject "TestApp" */;
			compatibilityVersion = "Xcode 9.3";
			developmentRegion = en;
			hasScannedForEncodings = 0;
			knownRegions = (
				en,
				Base,
			);
			mainGroup = 18C122C3240A96360031333F;
			productRefGroup = 18C122CD240A96360031333F /* Products */;
			projectDirPath = "";
			projectRoot = "";
			targets = (
				18C122CB240A96360031333F /* TestApp */,
			);
		};
/* End PBXProject section */

/* Begin PBXResourcesBuildPhase section */
		18C122CA240A96360031333F /* Resources */ = {
			isa = PBXResourcesBuildPhase;
			buildActionMask = 2147483647;
			files = (
				182C6969240AE63C00D435AA /* Main.storyboard in Resources */,
				18C122D7240A96380031333F /* Assets.xcassets in Resources */,
				182C6968240AE63C00D435AA /* LaunchScreen.storyboard in Resources */,
			);
			runOnlyForDeploymentPostprocessing = 0;
		};
/* End PBXResourcesBuildPhase section */

/* Begin PBXSourcesBuildPhase section */
		18C122C8240A96360031333F /* Sources */ = {
			isa = PBXSourcesBuildPhase;
			buildActionMask = 2147483647;
			files = (
				CEAFA8B1240AF614006224B8 /* ImageView.swift in Sources */,
				CEAFA8AC240AE859006224B8 /* NetworkManager.swift in Sources */,
				CEAFA8BA240B041C006224B8 /* String.swift in Sources */,
				182C6967240AE63C00D435AA /* AppDelegate.swift in Sources */,
				182C696B240AE63C00D435AA /* DataClass.swift in Sources */,
				182C6966240AE63C00D435AA /* CollectionViewCell.swift in Sources */,
				CEAFA8B6240AFC6A006224B8 /* PhotoViewController.swift in Sources */,
				CEAFA8B8240AFDBD006224B8 /* FileManager.swift in Sources */,
				CEAFA8AE240AE872006224B8 /* PhotoService.swift in Sources */,
				CEAFA8B4240AF9F7006224B8 /* Constants.swift in Sources */,
			);
			runOnlyForDeploymentPostprocessing = 0;
		};
/* End PBXSourcesBuildPhase section */

/* Begin PBXVariantGroup section */
		182C695D240AE63C00D435AA /* LaunchScreen.storyboard */ = {
			isa = PBXVariantGroup;
			children = (
				182C695E240AE63C00D435AA /* Base */,
			);
			name = LaunchScreen.storyboard;
			sourceTree = "<group>";
		};
		182C695F240AE63C00D435AA /* Main.storyboard */ = {
			isa = PBXVariantGroup;
			children = (
				182C6960240AE63C00D435AA /* Base */,
			);
			name = Main.storyboard;
			sourceTree = "<group>";
		};
/* End PBXVariantGroup section */

/* Begin XCBuildConfiguration section */
		18C122DC240A96380031333F /* Debug */ = {
			isa = XCBuildConfiguration;
			buildSettings = {
				ALWAYS_SEARCH_USER_PATHS = NO;
				CLANG_ANALYZER_NONNULL = YES;
				CLANG_ANALYZER_NUMBER_OBJECT_CONVERSION = YES_AGGRESSIVE;
				CLANG_CXX_LANGUAGE_STANDARD = "gnu++14";
				CLANG_CXX_LIBRARY = "libc++";
				CLANG_ENABLE_MODULES = YES;
				CLANG_ENABLE_OBJC_ARC = YES;
				CLANG_ENABLE_OBJC_WEAK = YES;
				CLANG_WARN_BLOCK_CAPTURE_AUTORELEASING = YES;
				CLANG_WARN_BOOL_CONVERSION = YES;
				CLANG_WARN_COMMA = YES;
				CLANG_WARN_CONSTANT_CONVERSION = YES;
				CLANG_WARN_DEPRECATED_OBJC_IMPLEMENTATIONS = YES;
				CLANG_WARN_DIRECT_OBJC_ISA_USAGE = YES_ERROR;
				CLANG_WARN_DOCUMENTATION_COMMENTS = YES;
				CLANG_WARN_EMPTY_BODY = YES;
				CLANG_WARN_ENUM_CONVERSION = YES;
				CLANG_WARN_INFINITE_RECURSION = YES;
				CLANG_WARN_INT_CONVERSION = YES;
				CLANG_WARN_NON_LITERAL_NULL_CONVERSION = YES;
				CLANG_WARN_OBJC_IMPLICIT_RETAIN_SELF = YES;
				CLANG_WARN_OBJC_LITERAL_CONVERSION = YES;
				CLANG_WARN_OBJC_ROOT_CLASS = YES_ERROR;
				CLANG_WARN_RANGE_LOOP_ANALYSIS = YES;
				CLANG_WARN_STRICT_PROTOTYPES = YES;
				CLANG_WARN_SUSPICIOUS_MOVE = YES;
				CLANG_WARN_UNGUARDED_AVAILABILITY = YES_AGGRESSIVE;
				CLANG_WARN_UNREACHABLE_CODE = YES;
				CLANG_WARN__DUPLICATE_METHOD_MATCH = YES;
				CODE_SIGN_IDENTITY = "iPhone Developer";
				COPY_PHASE_STRIP = NO;
				DEBUG_INFORMATION_FORMAT = dwarf;
				ENABLE_STRICT_OBJC_MSGSEND = YES;
				ENABLE_TESTABILITY = YES;
				GCC_C_LANGUAGE_STANDARD = gnu11;
				GCC_DYNAMIC_NO_PIC = NO;
				GCC_NO_COMMON_BLOCKS = YES;
				GCC_OPTIMIZATION_LEVEL = 0;
				GCC_PREPROCESSOR_DEFINITIONS = (
					"DEBUG=1",
					"$(inherited)",
				);
				GCC_WARN_64_TO_32_BIT_CONVERSION = YES;
				GCC_WARN_ABOUT_RETURN_TYPE = YES_ERROR;
				GCC_WARN_UNDECLARED_SELECTOR = YES;
				GCC_WARN_UNINITIALIZED_AUTOS = YES_AGGRESSIVE;
				GCC_WARN_UNUSED_FUNCTION = YES;
				GCC_WARN_UNUSED_VARIABLE = YES;
				IPHONEOS_DEPLOYMENT_TARGET = 12.4;
				MTL_ENABLE_DEBUG_INFO = INCLUDE_SOURCE;
				MTL_FAST_MATH = YES;
				ONLY_ACTIVE_ARCH = YES;
				SDKROOT = iphoneos;
				SWIFT_ACTIVE_COMPILATION_CONDITIONS = DEBUG;
				SWIFT_OPTIMIZATION_LEVEL = "-Onone";
			};
			name = Debug;
		};
		18C122DD240A96380031333F /* Release */ = {
			isa = XCBuildConfiguration;
			buildSettings = {
				ALWAYS_SEARCH_USER_PATHS = NO;
				CLANG_ANALYZER_NONNULL = YES;
				CLANG_ANALYZER_NUMBER_OBJECT_CONVERSION = YES_AGGRESSIVE;
				CLANG_CXX_LANGUAGE_STANDARD = "gnu++14";
				CLANG_CXX_LIBRARY = "libc++";
				CLANG_ENABLE_MODULES = YES;
				CLANG_ENABLE_OBJC_ARC = YES;
				CLANG_ENABLE_OBJC_WEAK = YES;
				CLANG_WARN_BLOCK_CAPTURE_AUTORELEASING = YES;
				CLANG_WARN_BOOL_CONVERSION = YES;
				CLANG_WARN_COMMA = YES;
				CLANG_WARN_CONSTANT_CONVERSION = YES;
				CLANG_WARN_DEPRECATED_OBJC_IMPLEMENTATIONS = YES;
				CLANG_WARN_DIRECT_OBJC_ISA_USAGE = YES_ERROR;
				CLANG_WARN_DOCUMENTATION_COMMENTS = YES;
				CLANG_WARN_EMPTY_BODY = YES;
				CLANG_WARN_ENUM_CONVERSION = YES;
				CLANG_WARN_INFINITE_RECURSION = YES;
				CLANG_WARN_INT_CONVERSION = YES;
				CLANG_WARN_NON_LITERAL_NULL_CONVERSION = YES;
				CLANG_WARN_OBJC_IMPLICIT_RETAIN_SELF = YES;
				CLANG_WARN_OBJC_LITERAL_CONVERSION = YES;
				CLANG_WARN_OBJC_ROOT_CLASS = YES_ERROR;
				CLANG_WARN_RANGE_LOOP_ANALYSIS = YES;
				CLANG_WARN_STRICT_PROTOTYPES = YES;
				CLANG_WARN_SUSPICIOUS_MOVE = YES;
				CLANG_WARN_UNGUARDED_AVAILABILITY = YES_AGGRESSIVE;
				CLANG_WARN_UNREACHABLE_CODE = YES;
				CLANG_WARN__DUPLICATE_METHOD_MATCH = YES;
				CODE_SIGN_IDENTITY = "iPhone Developer";
				COPY_PHASE_STRIP = NO;
				DEBUG_INFORMATION_FORMAT = "dwarf-with-dsym";
				ENABLE_NS_ASSERTIONS = NO;
				ENABLE_STRICT_OBJC_MSGSEND = YES;
				GCC_C_LANGUAGE_STANDARD = gnu11;
				GCC_NO_COMMON_BLOCKS = YES;
				GCC_WARN_64_TO_32_BIT_CONVERSION = YES;
				GCC_WARN_ABOUT_RETURN_TYPE = YES_ERROR;
				GCC_WARN_UNDECLARED_SELECTOR = YES;
				GCC_WARN_UNINITIALIZED_AUTOS = YES_AGGRESSIVE;
				GCC_WARN_UNUSED_FUNCTION = YES;
				GCC_WARN_UNUSED_VARIABLE = YES;
				IPHONEOS_DEPLOYMENT_TARGET = 12.4;
				MTL_ENABLE_DEBUG_INFO = NO;
				MTL_FAST_MATH = YES;
				SDKROOT = iphoneos;
				SWIFT_COMPILATION_MODE = wholemodule;
				SWIFT_OPTIMIZATION_LEVEL = "-O";
				VALIDATE_PRODUCT = YES;
			};
			name = Release;
		};
		18C122DF240A96380031333F /* Debug */ = {
			isa = XCBuildConfiguration;
			buildSettings = {
				ASSETCATALOG_COMPILER_APPICON_NAME = AppIcon;
				CODE_SIGN_STYLE = Automatic;
				INFOPLIST_FILE = TestApp/Info.plist;
				LD_RUNPATH_SEARCH_PATHS = (
					"$(inherited)",
					"@executable_path/Frameworks",
				);
				PRODUCT_BUNDLE_IDENTIFIER = com.demo.test.TestApp;
				PRODUCT_NAME = "$(TARGET_NAME)";
				SWIFT_VERSION = 5.0;
				TARGETED_DEVICE_FAMILY = "1,2";
			};
			name = Debug;
		};
		18C122E0240A96380031333F /* Release */ = {
			isa = XCBuildConfiguration;
			buildSettings = {
				ASSETCATALOG_COMPILER_APPICON_NAME = AppIcon;
				CODE_SIGN_STYLE = Automatic;
				INFOPLIST_FILE = TestApp/Info.plist;
				LD_RUNPATH_SEARCH_PATHS = (
					"$(inherited)",
					"@executable_path/Frameworks",
				);
				PRODUCT_BUNDLE_IDENTIFIER = com.demo.test.TestApp;
				PRODUCT_NAME = "$(TARGET_NAME)";
				SWIFT_VERSION = 5.0;
				TARGETED_DEVICE_FAMILY = "1,2";
			};
			name = Release;
		};
/* End XCBuildConfiguration section */

/* Begin XCConfigurationList section */
		18C122C7240A96360031333F /* Build configuration list for PBXProject "TestApp" */ = {
			isa = XCConfigurationList;
			buildConfigurations = (
				18C122DC240A96380031333F /* Debug */,
				18C122DD240A96380031333F /* Release */,
			);
			defaultConfigurationIsVisible = 0;
			defaultConfigurationName = Release;
		};
		18C122DE240A96380031333F /* Build configuration list for PBXNativeTarget "TestApp" */ = {
			isa = XCConfigurationList;
			buildConfigurations = (
				18C122DF240A96380031333F /* Debug */,
				18C122E0240A96380031333F /* Release */,
			);
			defaultConfigurationIsVisible = 0;
			defaultConfigurationName = Release;
		};
/* End XCConfigurationList section */
	};
	rootObject = 18C122C4240A96360031333F /* Project object */;
}
